
Microsoft Visual Studio Solution File, Format Version 12.00
# Visual Studio Version 16
VisualStudioVersion = 16.0.29613.14
MinimumVisualStudioVersion = 10.0.40219.1
Project("{FAE04EC0-301F-11D3-BF4B-00C04F79EFBC}") = "Wpf_Crafton_Nikita_PR2", "Wpf_Crafton_Nikita_PR2.csproj", "{E48ABDD7-070E-4847-AF71-A2D93BAFA1C9}"
EndProject
Global
	GlobalSection(SolutionConfigurationPlatforms) = preSolution
		Debug|Any CPU = Debug|Any CPU
		Release|Any CPU = Release|Any CPU
	EndGlobalSection
	GlobalSection(ProjectConfigurationPlatforms) = postSolution
		{E48ABDD7-070E-4847-AF71-A2D93BAFA1C9}.Debug|Any CPU.ActiveCfg = Debug|Any CPU
		{E48ABDD7-070E-4847-AF71-A2D93BAFA1C9}.Debug|Any CPU.Build.0 = Debug|Any CPU
		{E48ABDD7-070E-4847-AF71-A2D93BAFA1C9}.Release|Any CPU.ActiveCfg = Release|Any CPU
		{E48ABDD7-070E-4847-AF71-A2D93BAFA1C9}.Release|Any CPU.Build.0 = Release|Any CPU
	EndGlobalSection
	GlobalSection(SolutionProperties) = preSolution
		HideSolutionNode = FALSE
	EndGlobalSection
	GlobalSection(ExtensibilityGlobals) = postSolution
		SolutionGuid = {04005A85-26EA-448A-B221-B84B9C13472C}
	EndGlobalSection
EndGlobal
